<?xml version="1.0" encoding="utf-8"?>
<Project ToolsVersion="4.0" xmlns="http://schemas.microsoft.com/developer/msbuild/2003">
  <ItemGroup>
    <ClCompile Include="Systems\Graphics.cpp" />
    <ClCompile Include="Systems\Keyboard.cpp" />
    <ClCompile Include="Systems\Mouse.cpp" />
    <ClCompile Include="Systems\Time.cpp" />
    <ClCompile Include="Systems\Window.cpp" />
    <ClCompile Include="Utilities\Gui.cpp" />
    <ClCompile Include="Framework.cpp" />
    <ClCompile Include="Renders\IA\VertexBuffer.cpp" />
    <ClCompile Include="Renders\IA\IndexBuffer.cpp" />
    <ClCompile Include="Renders\IA\InputLayout.cpp" />
    <ClCompile Include="Renders\Resources\VertexType.cpp" />
    <ClCompile Include="Renders\Shaders\IShader.cpp" />
    <ClCompile Include="Renders\Shaders\VertexShader.cpp" />
    <ClCompile Include="Renders\Shaders\PixelShader.cpp" />
    <ClCompile Include="Geomatries\Rect.cpp" />
    <ClCompile Include="Geomatries\TextureRect.cpp" />
    <ClCompile Include="Utilities\BoundingBox.cpp" />
    <ClCompile Include="Utilities\DirectHelper.cpp" />
    <ClCompile Include="Utilities\Path.cpp" />
    <ClCompile Include="Utilities\String.cpp" />
    <ClCompile Include="Renders\States.cpp" />
    <ClCompile Include="Utilities\Animator.cpp" />
    <ClCompile Include="Renders\Resources\Texture2D.cpp" />
    <ClCompile Include="Geomatries\AnimationRect.cpp" />
    <ClCompile Include="BasicObjects\Collider.cpp" />
    <ClCompile Include="Gaedrip\CustomizedObjects\Entities\Player.cpp" />
    <ClCompile Include="Gaedrip\Managers\GameManager.cpp" />
    <ClCompile Include="Utilities\StandardTransform.cpp" />
    <ClCompile Include="Utilities\Transform.cpp" />
    <ClCompile Include="BasicObjects\GameObject.cpp" />
    <ClCompile Include="Gaedrip\CustomizedObjects\Topography\Ground.cpp" />
    <ClCompile Include="Systems\Sound.cpp" />
    <ClCompile Include="Gaedrip\CustomizedObjects\Topography\Platform.cpp" />
    <ClCompile Include="Gaedrip\Backgrounds\Background.cpp" />
    <ClCompile Include="Gaedrip\CustomizedObjects\DangerObjects\DangerBox.cpp" />
    <ClCompile Include="Gaedrip\Levels\LevelReinhardt.cpp" />
    <ClCompile Include="Gaedrip\Managers\LevelsManager.cpp" />
    <ClCompile Include="Gaedrip\CustomizedObjects\DangerObjects\Reinhardt\HammerLeft.cpp" />
    <ClCompile Include="Gaedrip\CustomizedObjects\DangerObjects\Reinhardt\HammerRight.cpp" />
    <ClCompile Include="Gaedrip\CustomizedObjects\DangerObjects\Reinhardt\Reinhardt.cpp" />
    <ClCompile Include="Gaedrip\CustomizedObjects\DangerObjects\WreckingBall\WreckingBall.cpp" />
    <ClCompile Include="Gaedrip\Managers\UserInterfaceManager.cpp" />
    <ClCompile Include="Gaedrip\Items\Items.cpp" />
    <ClCompile Include="Gaedrip\Items\HealPack.cpp" />
  </ItemGroup>
  <ItemGroup>
    <ClInclude Include="Systems\Graphics.h" />
    <ClInclude Include="Systems\Keyboard.h" />
    <ClInclude Include="Systems\Mouse.h" />
    <ClInclude Include="Systems\Time.h" />
    <ClInclude Include="Systems\Window.h" />
    <ClInclude Include="Utilities\Gui.h" />
    <ClInclude Include="Utilities\SingletonBase.h" />
    <ClInclude Include="Framework.h" />
    <ClInclude Include="Interfaces\IObject.h" />
    <ClInclude Include="Renders\IA\VertexBuffer.h" />
    <ClInclude Include="Renders\IA\IndexBuffer.h" />
    <ClInclude Include="Renders\IA\InputLayout.h" />
    <ClInclude Include="Renders\Resources\VertexType.h" />
    <ClInclude Include="Renders\Resources\ShaderBuffer.h" />
    <ClInclude Include="Renders\Resources\GlobalBuffer.h" />
    <ClInclude Include="Renders\Shaders\IShader.h" />
    <ClInclude Include="Renders\Shaders\VertexShader.h" />
    <ClInclude Include="Renders\Shaders\PixelShader.h" />
    <ClInclude Include="Geomatries\Rect.h" />
    <ClInclude Include="Geomatries\TextureRect.h" />
    <ClInclude Include="Utilities\BoundingBox.h" />
    <ClInclude Include="Utilities\DirectHelper.h" />
    <ClInclude Include="Utilities\Path.h" />
    <ClInclude Include="Utilities\String.h" />
    <ClInclude Include="Renders\States.h" />
    <ClInclude Include="Utilities\Animator.h" />
    <ClInclude Include="Renders\Resources\Texture2D.h" />
    <ClInclude Include="Geomatries\AnimationRect.h" />
    <ClInclude Include="Geomatries\temp.h" />
    <ClInclude Include="BasicObjects\Collider.h" />
    <ClInclude Include="Gaedrip\CustomizedObjects\Entities\Player.h" />
    <ClInclude Include="Gaedrip\Managers\GameManager.h" />
    <ClInclude Include="Utilities\StandardTransform.h" />
    <ClInclude Include="Utilities\Transform.h" />
    <ClInclude Include="BasicObjects\GameObject.h" />
    <ClInclude Include="Gaedrip\CustomizedObjects\Topography\Ground.h" />
    <ClInclude Include="Systems\Sound.h" />
    <ClInclude Include="Gaedrip\CustomizedObjects\Topography\Platform.h" />
    <ClInclude Include="Gaedrip\Backgrounds\Background.h" />
    <ClInclude Include="Gaedrip\CustomizedObjects\DangerObjects\DangerBox.h" />
    <ClInclude Include="Gaedrip\Levels\LevelReinhardt.h" />
    <ClInclude Include="Gaedrip\Managers\LevelsManager.h" />
    <ClInclude Include="Gaedrip\CustomizedObjects\DangerObjects\Reinhardt\HammerLeft.h" />
    <ClInclude Include="Gaedrip\CustomizedObjects\DangerObjects\Reinhardt\HammerRight.h" />
    <ClInclude Include="Gaedrip\CustomizedObjects\DangerObjects\Reinhardt\Reinhardt.h" />
    <ClInclude Include="Gaedrip\CustomizedObjects\DangerObjects\WreckingBall\WreckingBall.h" />
    <ClInclude Include="Gaedrip\Managers\UserInterfaceManager.h" />
    <ClInclude Include="Gaedrip\Items\Items.h" />
    <ClInclude Include="Gaedrip\Items\HealPack.h" />
  </ItemGroup>
  <ItemGroup>
    <None Include="ClassDiagram.cd" />
  </ItemGroup>
</Project>